
Microsoft Visual Studio Solution File, Format Version 12.00
# Visual Studio 15
VisualStudioVersion = 15.0.27130.2024
MinimumVisualStudioVersion = 10.0.40219.1
Project("{FAE04EC0-301F-11D3-BF4B-00C04F79EFBC}") = "Prepper-Manager", "Prepper-Manager\Prepper-Manager.csproj", "{ECAAFBED-977B-4F3B-A052-EDCB55ACE7BB}"
EndProject
Global
	GlobalSection(SolutionConfigurationPlatforms) = preSolution
		Debug|Any CPU = Debug|Any CPU
		Release|Any CPU = Release|Any CPU
	EndGlobalSection
	GlobalSection(ProjectConfigurationPlatforms) = postSolution
		{ECAAFBED-977B-4F3B-A052-EDCB55ACE7BB}.Debug|Any CPU.ActiveCfg = Debug|Any CPU
		{ECAAFBED-977B-4F3B-A052-EDCB55ACE7BB}.Debug|Any CPU.Build.0 = Debug|Any CPU
		{ECAAFBED-977B-4F3B-A052-EDCB55ACE7BB}.Release|Any CPU.ActiveCfg = Release|Any CPU
		{ECAAFBED-977B-4F3B-A052-EDCB55ACE7BB}.Release|Any CPU.Build.0 = Release|Any CPU
	EndGlobalSection
	GlobalSection(SolutionProperties) = preSolution
		HideSolutionNode = FALSE
	EndGlobalSection
	GlobalSection(ExtensibilityGlobals) = postSolution
		SolutionGuid = {CDE666CE-3DA1-4512-8A3D-F3E32AF7DF9A}
	EndGlobalSection
EndGlobal
